
Microsoft Visual Studio Solution File, Format Version 12.00
# Visual Studio Version 17
VisualStudioVersion = 17.8.34408.163
MinimumVisualStudioVersion = 10.0.40219.1
Project("{8BC9CEB8-8B4A-11D0-8D11-00A0C91BC942}") = "CANOMONSTER", "CANOMONSTER\CANOMONSTER.vcxproj", "{02497C89-FE81-4302-9AA7-410A94D5F428}"
EndProject
Global
	GlobalSection(SolutionConfigurationPlatforms) = preSolution
		Debug|Any CPU = Debug|Any CPU
		Debug|ARM64 = Debug|ARM64
		Debug|x64 = Debug|x64
		Debug|x86 = Debug|x86
		Release|Any CPU = Release|Any CPU
		Release|ARM64 = Release|ARM64
		Release|x64 = Release|x64
		Release|x86 = Release|x86
	EndGlobalSection
	GlobalSection(ProjectConfigurationPlatforms) = postSolution
		{02497C89-FE81-4302-9AA7-410A94D5F428}.Debug|Any CPU.ActiveCfg = Debug|x64
		{02497C89-FE81-4302-9AA7-410A94D5F428}.Debug|Any CPU.Build.0 = Debug|x64
		{02497C89-FE81-4302-9AA7-410A94D5F428}.Debug|Any CPU.Deploy.0 = Debug|x64
		{02497C89-FE81-4302-9AA7-410A94D5F428}.Debug|ARM64.ActiveCfg = Debug|ARM64
		{02497C89-FE81-4302-9AA7-410A94D5F428}.Debug|ARM64.Build.0 = Debug|ARM64
		{02497C89-FE81-4302-9AA7-410A94D5F428}.Debug|ARM64.Deploy.0 = Debug|ARM64
		{02497C89-FE81-4302-9AA7-410A94D5F428}.Debug|x64.ActiveCfg = Debug|x64
		{02497C89-FE81-4302-9AA7-410A94D5F428}.Debug|x64.Build.0 = Debug|x64
		{02497C89-FE81-4302-9AA7-410A94D5F428}.Debug|x64.Deploy.0 = Debug|x64
		{02497C89-FE81-4302-9AA7-410A94D5F428}.Debug|x86.ActiveCfg = Debug|x64
		{02497C89-FE81-4302-9AA7-410A94D5F428}.Debug|x86.Build.0 = Debug|x64
		{02497C89-FE81-4302-9AA7-410A94D5F428}.Debug|x86.Deploy.0 = Debug|x64
		{02497C89-FE81-4302-9AA7-410A94D5F428}.Release|Any CPU.ActiveCfg = Release|x64
		{02497C89-FE81-4302-9AA7-410A94D5F428}.Release|Any CPU.Build.0 = Release|x64
		{02497C89-FE81-4302-9AA7-410A94D5F428}.Release|Any CPU.Deploy.0 = Release|x64
		{02497C89-FE81-4302-9AA7-410A94D5F428}.Release|ARM64.ActiveCfg = Release|ARM64
		{02497C89-FE81-4302-9AA7-410A94D5F428}.Release|ARM64.Build.0 = Release|ARM64
		{02497C89-FE81-4302-9AA7-410A94D5F428}.Release|ARM64.Deploy.0 = Release|ARM64
		{02497C89-FE81-4302-9AA7-410A94D5F428}.Release|x64.ActiveCfg = Release|x64
		{02497C89-FE81-4302-9AA7-410A94D5F428}.Release|x64.Build.0 = Release|x64
		{02497C89-FE81-4302-9AA7-410A94D5F428}.Release|x64.Deploy.0 = Release|x64
		{02497C89-FE81-4302-9AA7-410A94D5F428}.Release|x86.ActiveCfg = Release|x64
		{02497C89-FE81-4302-9AA7-410A94D5F428}.Release|x86.Build.0 = Release|x64
		{02497C89-FE81-4302-9AA7-410A94D5F428}.Release|x86.Deploy.0 = Release|x64
	EndGlobalSection
	GlobalSection(SolutionProperties) = preSolution
		HideSolutionNode = FALSE
	EndGlobalSection
	GlobalSection(ExtensibilityGlobals) = postSolution
		SolutionGuid = {BD183CCE-14E3-4682-A9E7-37552EBEF2F8}
	EndGlobalSection
EndGlobal
